
Microsoft Visual Studio Solution File, Format Version 12.00
# Visual Studio Version 17
VisualStudioVersion = 17.4.33205.214
MinimumVisualStudioVersion = 10.0.40219.1
Project("{FAE04EC0-301F-11D3-BF4B-00C04F79EFBC}") = "08_YarinVardimon", "08_YarinVardimon\08_YarinVardimon.csproj", "{CFCBEE51-2EAE-4ECF-B908-155106B4814E}"
EndProject
Global
	GlobalSection(SolutionConfigurationPlatforms) = preSolution
		Debug|Any CPU = Debug|Any CPU
		Release|Any CPU = Release|Any CPU
	EndGlobalSection
	GlobalSection(ProjectConfigurationPlatforms) = postSolution
		{CFCBEE51-2EAE-4ECF-B908-155106B4814E}.Debug|Any CPU.ActiveCfg = Debug|Any CPU
		{CFCBEE51-2EAE-4ECF-B908-155106B4814E}.Debug|Any CPU.Build.0 = Debug|Any CPU
		{CFCBEE51-2EAE-4ECF-B908-155106B4814E}.Release|Any CPU.ActiveCfg = Release|Any CPU
		{CFCBEE51-2EAE-4ECF-B908-155106B4814E}.Release|Any CPU.Build.0 = Release|Any CPU
	EndGlobalSection
	GlobalSection(SolutionProperties) = preSolution
		HideSolutionNode = FALSE
	EndGlobalSection
	GlobalSection(ExtensibilityGlobals) = postSolution
		SolutionGuid = {74FA5A8D-FBBF-41FD-BE9A-EB4ED889DE46}
	EndGlobalSection
EndGlobal
